{
  "name": "bitnik-platform",
  "lockfileVersion": 3,
  "requires": true,
  "packages": {
    "": {
      "name": "bitnik-platform",
      "workspaces": [
        "packages/*",
        "games/*",
        "apps/*",
        "examples/*"
      ],
      "engines": {
        "node": ">=22.13"
      }
    },
    "apps/studio": {
      "name": "@bitnik/studio",
      "dependencies": {
        "@bitnik/game-bulbous": "^1.0.0",
        "@bitnik/game-capivaras": "^1.0.0",
        "@bitnik/game-catania": "^4.0.0",
        "@bitnik/game-nine-oils": "^1.1.0",
        "@bitnik/game-praia-das-percebes": "^2.0.0",
        "@bitnik/server": "^0.1.0"
      }
    },
    "examples/clean-runtime": {
      "name": "example-clean-runtime",
      "dependencies": {
        "@bitnik/game-catania": "^4.0.0",
        "@bitnik/server": "^0.1.0"
      }
    },
    "games/bulbous": {
      "name": "@bitnik/game-bulbous",
      "version": "1.0.0",
      "license": "UNLICENSED",
      "peerDependencies": {
        "@bitnik/engine": "^0.2.1"
      }
    },
    "games/capivaras": {
      "name": "@bitnik/game-capivaras",
      "version": "1.0.0",
      "license": "UNLICENSED",
      "peerDependencies": {
        "@bitnik/engine": "^0.2.0"
      }
    },
    "games/catania": {
      "name": "@bitnik/game-catania",
      "version": "4.0.1",
      "license": "CC-BY-4.0",
      "peerDependencies": {
        "@bitnik/engine": "^0.2.0"
      }
    },
    "games/nine-oils": {
      "name": "@bitnik/game-nine-oils",
      "version": "1.1.0",
      "license": "UNLICENSED",
      "peerDependencies": {
        "@bitnik/engine": "^0.2.1"
      }
    },
    "games/praia-das-percebes": {
      "name": "@bitnik/game-praia-das-percebes",
      "version": "2.0.0",
      "license": "UNLICENSED",
      "peerDependencies": {
        "@bitnik/engine": "^0.2.1"
      }
    },
    "node_modules/@bitnik/client": {
      "resolved": "packages/client",
      "link": true
    },
    "node_modules/@bitnik/engine": {
      "resolved": "packages/engine",
      "link": true
    },
    "node_modules/@bitnik/game-bulbous": {
      "resolved": "games/bulbous",
      "link": true
    },
    "node_modules/@bitnik/game-capivaras": {
      "resolved": "games/capivaras",
      "link": true
    },
    "node_modules/@bitnik/game-catania": {
      "resolved": "games/catania",
      "link": true
    },
    "node_modules/@bitnik/game-nine-oils": {
      "resolved": "games/nine-oils",
      "link": true
    },
    "node_modules/@bitnik/game-praia-das-percebes": {
      "resolved": "games/praia-das-percebes",
      "link": true
    },
    "node_modules/@bitnik/server": {
      "resolved": "packages/server",
      "link": true
    },
    "node_modules/@bitnik/studio": {
      "resolved": "apps/studio",
      "link": true
    },
    "node_modules/example-clean-runtime": {
      "resolved": "examples/clean-runtime",
      "link": true
    },
    "node_modules/ws": {
      "version": "8.21.3",
      "resolved": "https://registry.npmjs.org/ws/-/ws-8.21.3.tgz",
      "integrity": "sha512-201TZ/kPWxoPr/OKWjquZR1SWKXcvxdH+e1xrx89b3YbmzLMFCLfnaG1HFIgWzJOEWZ7MvpK++odZufgYR50Rw==",
      "license": "MIT",
      "engines": {
        "node": ">=10.0.0"
      },
      "peerDependencies": {
        "bufferutil": "^4.0.1",
        "utf-8-validate": ">=5.0.2"
      },
      "peerDependenciesMeta": {
        "bufferutil": {
          "optional": true
        },
        "utf-8-validate": {
          "optional": true
        }
      }
    },
    "packages/client": {
      "name": "@bitnik/client",
      "version": "0.1.0",
      "license": "UNLICENSED"
    },
    "packages/engine": {
      "name": "@bitnik/engine",
      "version": "0.2.1",
      "license": "UNLICENSED",
      "engines": {
        "node": ">=18"
      }
    },
    "packages/server": {
      "name": "@bitnik/server",
      "version": "0.1.0",
      "license": "UNLICENSED",
      "dependencies": {
        "@bitnik/client": "^0.1.0",
        "@bitnik/engine": "^0.2.0",
        "ws": "^8.18.0"
      }
    }
  }
}
